// !$*UTF8*$!
{
	archiveVersion = 1;
	classes = {
	};
	objectVersion = 46;
	objects = {

/* Begin PBXBuildFile section */
		0719EAB8195F516E007C2983 /* Storyboard.storyboard in Resources */ = {isa = PBXBuildFile; fileRef = 0719EAB7195F516E007C2983 /* Storyboard.storyboard */; };
		0719EABB195F5599007C2983 /* LoginViewController.m in Sources */ = {isa = PBXBuildFile; fileRef = 0719EABA195F5599007C2983 /* LoginViewController.m */; };
		07977E73195F230100B2C0C6 /* User.m in Sources */ = {isa = PBXBuildFile; fileRef = 07977E72195F230100B2C0C6 /* User.m */; };
		07977E76195F235700B2C0C6 /* MessageThread.m in Sources */ = {isa = PBXBuildFile; fileRef = 07977E75195F235700B2C0C6 /* MessageThread.m */; };
		07977E79195F236100B2C0C6 /* Message.m in Sources */ = {isa = PBXBuildFile; fileRef = 07977E78195F236100B2C0C6 /* Message.m */; };
		4553B595195B944E005C6D1A /* Foundation.framework in Frameworks */ = {isa = PBXBuildFile; fileRef = 4553B594195B944E005C6D1A /* Foundation.framework */; };
		4553B597195B944E005C6D1A /* CoreGraphics.framework in Frameworks */ = {isa = PBXBuildFile; fileRef = 4553B596195B944E005C6D1A /* CoreGraphics.framework */; };
		4553B599195B944E005C6D1A /* UIKit.framework in Frameworks */ = {isa = PBXBuildFile; fileRef = 4553B598195B944E005C6D1A /* UIKit.framework */; };
		4553B59B195B944E005C6D1A /* CoreData.framework in Frameworks */ = {isa = PBXBuildFile; fileRef = 4553B59A195B944E005C6D1A /* CoreData.framework */; };
		4553B5A1195B944E005C6D1A /* InfoPlist.strings in Resources */ = {isa = PBXBuildFile; fileRef = 4553B59F195B944E005C6D1A /* InfoPlist.strings */; };
		4553B5A3195B944E005C6D1A /* main.m in Sources */ = {isa = PBXBuildFile; fileRef = 4553B5A2195B944E005C6D1A /* main.m */; };
		4553B5A7195B944E005C6D1A /* AppDelegate.m in Sources */ = {isa = PBXBuildFile; fileRef = 4553B5A6195B944E005C6D1A /* AppDelegate.m */; };
		4553B5AC195B944F005C6D1A /* Images.xcassets in Resources */ = {isa = PBXBuildFile; fileRef = 4553B5AB195B944F005C6D1A /* Images.xcassets */; };
		4553B5B3195B944F005C6D1A /* XCTest.framework in Frameworks */ = {isa = PBXBuildFile; fileRef = 4553B5B2195B944F005C6D1A /* XCTest.framework */; };
		4553B5B4195B944F005C6D1A /* Foundation.framework in Frameworks */ = {isa = PBXBuildFile; fileRef = 4553B594195B944E005C6D1A /* Foundation.framework */; };
		4553B5B5195B944F005C6D1A /* UIKit.framework in Frameworks */ = {isa = PBXBuildFile; fileRef = 4553B598195B944E005C6D1A /* UIKit.framework */; };
		4553B5B6195B944F005C6D1A /* CoreData.framework in Frameworks */ = {isa = PBXBuildFile; fileRef = 4553B59A195B944E005C6D1A /* CoreData.framework */; };
		4553B5BE195B944F005C6D1A /* InfoPlist.strings in Resources */ = {isa = PBXBuildFile; fileRef = 4553B5BC195B944F005C6D1A /* InfoPlist.strings */; };
		4553B5C0195B944F005C6D1A /* DareTests.m in Sources */ = {isa = PBXBuildFile; fileRef = 4553B5BF195B944F005C6D1A /* DareTests.m */; };
		4553B5CC195B96B5005C6D1A /* Parse.framework in Frameworks */ = {isa = PBXBuildFile; fileRef = 4553B5CB195B96B5005C6D1A /* Parse.framework */; };
		4553B5CE195B97DD005C6D1A /* AudioToolbox.framework in Frameworks */ = {isa = PBXBuildFile; fileRef = 4553B5CD195B97DD005C6D1A /* AudioToolbox.framework */; };
		4553B5D0195B97E7005C6D1A /* CFNetwork.framework in Frameworks */ = {isa = PBXBuildFile; fileRef = 4553B5CF195B97E7005C6D1A /* CFNetwork.framework */; };
		4553B5D2195B97F5005C6D1A /* CoreLocation.framework in Frameworks */ = {isa = PBXBuildFile; fileRef = 4553B5D1195B97F5005C6D1A /* CoreLocation.framework */; };
		4553B5D4195B9802005C6D1A /* libz.dylib in Frameworks */ = {isa = PBXBuildFile; fileRef = 4553B5D3195B9802005C6D1A /* libz.dylib */; };
		4553B5D6195B9811005C6D1A /* MobileCoreServices.framework in Frameworks */ = {isa = PBXBuildFile; fileRef = 4553B5D5195B9811005C6D1A /* MobileCoreServices.framework */; };
		4553B5D8195B981D005C6D1A /* QuartzCore.framework in Frameworks */ = {isa = PBXBuildFile; fileRef = 4553B5D7195B981D005C6D1A /* QuartzCore.framework */; };
		4553B5DA195B9829005C6D1A /* Security.framework in Frameworks */ = {isa = PBXBuildFile; fileRef = 4553B5D9195B9829005C6D1A /* Security.framework */; };
		4553B5DC195B9848005C6D1A /* StoreKit.framework in Frameworks */ = {isa = PBXBuildFile; fileRef = 4553B5DB195B9848005C6D1A /* StoreKit.framework */; };
		4553B5DE195B9853005C6D1A /* SystemConfiguration.framework in Frameworks */ = {isa = PBXBuildFile; fileRef = 4553B5DD195B9853005C6D1A /* SystemConfiguration.framework */; };
		4553B5E0195B9EDC005C6D1A /* FacebookSDK.framework in Frameworks */ = {isa = PBXBuildFile; fileRef = 4553B5DF195B9EDC005C6D1A /* FacebookSDK.framework */; };
		456E6251195F0336003CC220 /* Constants.m in Sources */ = {isa = PBXBuildFile; fileRef = 456E6250195F0336003CC220 /* Constants.m */; };
		456E6259195F2DB4003CC220 /* Temp.m in Sources */ = {isa = PBXBuildFile; fileRef = 456E6258195F2DB4003CC220 /* Temp.m */; };
		456E625F195F67C5003CC220 /* ParseClient.m in Sources */ = {isa = PBXBuildFile; fileRef = 456E625E195F67C5003CC220 /* ParseClient.m */; };
/* End PBXBuildFile section */

/* Begin PBXContainerItemProxy section */
		4553B5B7195B944F005C6D1A /* PBXContainerItemProxy */ = {
			isa = PBXContainerItemProxy;
			containerPortal = 4553B589195B944E005C6D1A /* Project object */;
			proxyType = 1;
			remoteGlobalIDString = 4553B590195B944E005C6D1A;
			remoteInfo = Dare;
		};
/* End PBXContainerItemProxy section */

/* Begin PBXFileReference section */
		0719EAB7195F516E007C2983 /* Storyboard.storyboard */ = {isa = PBXFileReference; fileEncoding = 4; lastKnownFileType = file.storyboard; path = Storyboard.storyboard; sourceTree = "<group>"; };
		0719EAB9195F5599007C2983 /* LoginViewController.h */ = {isa = PBXFileReference; fileEncoding = 4; lastKnownFileType = sourcecode.c.h; path = LoginViewController.h; sourceTree = "<group>"; };
		0719EABA195F5599007C2983 /* LoginViewController.m */ = {isa = PBXFileReference; fileEncoding = 4; lastKnownFileType = sourcecode.c.objc; path = LoginViewController.m; sourceTree = "<group>"; };
		07977E71195F230100B2C0C6 /* User.h */ = {isa = PBXFileReference; fileEncoding = 4; lastKnownFileType = sourcecode.c.h; path = User.h; sourceTree = "<group>"; };
		07977E72195F230100B2C0C6 /* User.m */ = {isa = PBXFileReference; fileEncoding = 4; lastKnownFileType = sourcecode.c.objc; path = User.m; sourceTree = "<group>"; };
		07977E74195F235700B2C0C6 /* MessageThread.h */ = {isa = PBXFileReference; fileEncoding = 4; lastKnownFileType = sourcecode.c.h; path = MessageThread.h; sourceTree = "<group>"; };
		07977E75195F235700B2C0C6 /* MessageThread.m */ = {isa = PBXFileReference; fileEncoding = 4; lastKnownFileType = sourcecode.c.objc; path = MessageThread.m; sourceTree = "<group>"; };
		07977E77195F236100B2C0C6 /* Message.h */ = {isa = PBXFileReference; fileEncoding = 4; lastKnownFileType = sourcecode.c.h; path = Message.h; sourceTree = "<group>"; };
		07977E78195F236100B2C0C6 /* Message.m */ = {isa = PBXFileReference; fileEncoding = 4; lastKnownFileType = sourcecode.c.objc; path = Message.m; sourceTree = "<group>"; };
		4553B591195B944E005C6D1A /* Dare.app */ = {isa = PBXFileReference; explicitFileType = wrapper.application; includeInIndex = 0; path = Dare.app; sourceTree = BUILT_PRODUCTS_DIR; };
		4553B594195B944E005C6D1A /* Foundation.framework */ = {isa = PBXFileReference; lastKnownFileType = wrapper.framework; name = Foundation.framework; path = System/Library/Frameworks/Foundation.framework; sourceTree = SDKROOT; };
		4553B596195B944E005C6D1A /* CoreGraphics.framework */ = {isa = PBXFileReference; lastKnownFileType = wrapper.framework; name = CoreGraphics.framework; path = System/Library/Frameworks/CoreGraphics.framework; sourceTree = SDKROOT; };
		4553B598195B944E005C6D1A /* UIKit.framework */ = {isa = PBXFileReference; lastKnownFileType = wrapper.framework; name = UIKit.framework; path = System/Library/Frameworks/UIKit.framework; sourceTree = SDKROOT; };
		4553B59A195B944E005C6D1A /* CoreData.framework */ = {isa = PBXFileReference; lastKnownFileType = wrapper.framework; name = CoreData.framework; path = System/Library/Frameworks/CoreData.framework; sourceTree = SDKROOT; };
		4553B59E195B944E005C6D1A /* Dare-Info.plist */ = {isa = PBXFileReference; lastKnownFileType = text.plist.xml; path = "Dare-Info.plist"; sourceTree = "<group>"; };
		4553B5A0195B944E005C6D1A /* en */ = {isa = PBXFileReference; lastKnownFileType = text.plist.strings; name = en; path = en.lproj/InfoPlist.strings; sourceTree = "<group>"; };
		4553B5A2195B944E005C6D1A /* main.m */ = {isa = PBXFileReference; lastKnownFileType = sourcecode.c.objc; path = main.m; sourceTree = "<group>"; };
		4553B5A4195B944E005C6D1A /* Dare-Prefix.pch */ = {isa = PBXFileReference; lastKnownFileType = sourcecode.c.h; path = "Dare-Prefix.pch"; sourceTree = "<group>"; };
		4553B5A5195B944E005C6D1A /* AppDelegate.h */ = {isa = PBXFileReference; lastKnownFileType = sourcecode.c.h; path = AppDelegate.h; sourceTree = "<group>"; };
		4553B5A6195B944E005C6D1A /* AppDelegate.m */ = {isa = PBXFileReference; lastKnownFileType = sourcecode.c.objc; path = AppDelegate.m; sourceTree = "<group>"; };
		4553B5AB195B944F005C6D1A /* Images.xcassets */ = {isa = PBXFileReference; lastKnownFileType = folder.assetcatalog; path = Images.xcassets; sourceTree = "<group>"; };
		4553B5B1195B944F005C6D1A /* DareTests.xctest */ = {isa = PBXFileReference; explicitFileType = wrapper.cfbundle; includeInIndex = 0; path = DareTests.xctest; sourceTree = BUILT_PRODUCTS_DIR; };
		4553B5B2195B944F005C6D1A /* XCTest.framework */ = {isa = PBXFileReference; lastKnownFileType = wrapper.framework; name = XCTest.framework; path = Library/Frameworks/XCTest.framework; sourceTree = DEVELOPER_DIR; };
		4553B5BB195B944F005C6D1A /* DareTests-Info.plist */ = {isa = PBXFileReference; lastKnownFileType = text.plist.xml; path = "DareTests-Info.plist"; sourceTree = "<group>"; };
		4553B5BD195B944F005C6D1A /* en */ = {isa = PBXFileReference; lastKnownFileType = text.plist.strings; name = en; path = en.lproj/InfoPlist.strings; sourceTree = "<group>"; };
		4553B5BF195B944F005C6D1A /* DareTests.m */ = {isa = PBXFileReference; lastKnownFileType = sourcecode.c.objc; path = DareTests.m; sourceTree = "<group>"; };
		4553B5CB195B96B5005C6D1A /* Parse.framework */ = {isa = PBXFileReference; lastKnownFileType = wrapper.framework; path = Parse.framework; sourceTree = "<group>"; };
		4553B5CD195B97DD005C6D1A /* AudioToolbox.framework */ = {isa = PBXFileReference; lastKnownFileType = wrapper.framework; name = AudioToolbox.framework; path = System/Library/Frameworks/AudioToolbox.framework; sourceTree = SDKROOT; };
		4553B5CF195B97E7005C6D1A /* CFNetwork.framework */ = {isa = PBXFileReference; lastKnownFileType = wrapper.framework; name = CFNetwork.framework; path = System/Library/Frameworks/CFNetwork.framework; sourceTree = SDKROOT; };
		4553B5D1195B97F5005C6D1A /* CoreLocation.framework */ = {isa = PBXFileReference; lastKnownFileType = wrapper.framework; name = CoreLocation.framework; path = System/Library/Frameworks/CoreLocation.framework; sourceTree = SDKROOT; };
		4553B5D3195B9802005C6D1A /* libz.dylib */ = {isa = PBXFileReference; lastKnownFileType = "compiled.mach-o.dylib"; name = libz.dylib; path = usr/lib/libz.dylib; sourceTree = SDKROOT; };
		4553B5D5195B9811005C6D1A /* MobileCoreServices.framework */ = {isa = PBXFileReference; lastKnownFileType = wrapper.framework; name = MobileCoreServices.framework; path = System/Library/Frameworks/MobileCoreServices.framework; sourceTree = SDKROOT; };
		4553B5D7195B981D005C6D1A /* QuartzCore.framework */ = {isa = PBXFileReference; lastKnownFileType = wrapper.framework; name = QuartzCore.framework; path = System/Library/Frameworks/QuartzCore.framework; sourceTree = SDKROOT; };
		4553B5D9195B9829005C6D1A /* Security.framework */ = {isa = PBXFileReference; lastKnownFileType = wrapper.framework; name = Security.framework; path = System/Library/Frameworks/Security.framework; sourceTree = SDKROOT; };
		4553B5DB195B9848005C6D1A /* StoreKit.framework */ = {isa = PBXFileReference; lastKnownFileType = wrapper.framework; name = StoreKit.framework; path = System/Library/Frameworks/StoreKit.framework; sourceTree = SDKROOT; };
		4553B5DD195B9853005C6D1A /* SystemConfiguration.framework */ = {isa = PBXFileReference; lastKnownFileType = wrapper.framework; name = SystemConfiguration.framework; path = System/Library/Frameworks/SystemConfiguration.framework; sourceTree = SDKROOT; };
		4553B5DF195B9EDC005C6D1A /* FacebookSDK.framework */ = {isa = PBXFileReference; lastKnownFileType = wrapper.framework; path = FacebookSDK.framework; sourceTree = "<group>"; };
		4553B5E1195B9FB2005C6D1A /* Constants.h */ = {isa = PBXFileReference; fileEncoding = 4; lastKnownFileType = sourcecode.c.h; path = Constants.h; sourceTree = "<group>"; };
		456E6250195F0336003CC220 /* Constants.m */ = {isa = PBXFileReference; fileEncoding = 4; lastKnownFileType = sourcecode.c.objc; path = Constants.m; sourceTree = "<group>"; };
		456E6257195F2DB4003CC220 /* Temp.h */ = {isa = PBXFileReference; fileEncoding = 4; lastKnownFileType = sourcecode.c.h; path = Temp.h; sourceTree = "<group>"; };
		456E6258195F2DB4003CC220 /* Temp.m */ = {isa = PBXFileReference; fileEncoding = 4; lastKnownFileType = sourcecode.c.objc; path = Temp.m; sourceTree = "<group>"; };
		456E625D195F67C5003CC220 /* ParseClient.h */ = {isa = PBXFileReference; fileEncoding = 4; lastKnownFileType = sourcecode.c.h; name = ParseClient.h; path = ../ParseClient.h; sourceTree = "<group>"; };
		456E625E195F67C5003CC220 /* ParseClient.m */ = {isa = PBXFileReference; fileEncoding = 4; lastKnownFileType = sourcecode.c.objc; name = ParseClient.m; path = ../ParseClient.m; sourceTree = "<group>"; };
/* End PBXFileReference section */

/* Begin PBXFrameworksBuildPhase section */
		4553B58E195B944E005C6D1A /* Frameworks */ = {
			isa = PBXFrameworksBuildPhase;
			buildActionMask = 2147483647;
			files = (
				4553B5DE195B9853005C6D1A /* SystemConfiguration.framework in Frameworks */,
				4553B5DC195B9848005C6D1A /* StoreKit.framework in Frameworks */,
				4553B5DA195B9829005C6D1A /* Security.framework in Frameworks */,
				4553B5D8195B981D005C6D1A /* QuartzCore.framework in Frameworks */,
				4553B5D6195B9811005C6D1A /* MobileCoreServices.framework in Frameworks */,
				4553B5D4195B9802005C6D1A /* libz.dylib in Frameworks */,
				4553B5D2195B97F5005C6D1A /* CoreLocation.framework in Frameworks */,
				4553B5D0195B97E7005C6D1A /* CFNetwork.framework in Frameworks */,
				4553B5CE195B97DD005C6D1A /* AudioToolbox.framework in Frameworks */,
				4553B597195B944E005C6D1A /* CoreGraphics.framework in Frameworks */,
				4553B59B195B944E005C6D1A /* CoreData.framework in Frameworks */,
				4553B5E0195B9EDC005C6D1A /* FacebookSDK.framework in Frameworks */,
				4553B599195B944E005C6D1A /* UIKit.framework in Frameworks */,
				4553B595195B944E005C6D1A /* Foundation.framework in Frameworks */,
				4553B5CC195B96B5005C6D1A /* Parse.framework in Frameworks */,
			);
			runOnlyForDeploymentPostprocessing = 0;
		};
		4553B5AE195B944F005C6D1A /* Frameworks */ = {
			isa = PBXFrameworksBuildPhase;
			buildActionMask = 2147483647;
			files = (
				4553B5B3195B944F005C6D1A /* XCTest.framework in Frameworks */,
				4553B5B6195B944F005C6D1A /* CoreData.framework in Frameworks */,
				4553B5B5195B944F005C6D1A /* UIKit.framework in Frameworks */,
				4553B5B4195B944F005C6D1A /* Foundation.framework in Frameworks */,
			);
			runOnlyForDeploymentPostprocessing = 0;
		};
/* End PBXFrameworksBuildPhase section */

/* Begin PBXGroup section */
		4553B588195B944E005C6D1A = {
			isa = PBXGroup;
			children = (
				4553B59C195B944E005C6D1A /* Dare */,
				4553B5B9195B944F005C6D1A /* DareTests */,
				4553B593195B944E005C6D1A /* Frameworks */,
				4553B592195B944E005C6D1A /* Products */,
			);
			sourceTree = "<group>";
		};
		4553B592195B944E005C6D1A /* Products */ = {
			isa = PBXGroup;
			children = (
				4553B591195B944E005C6D1A /* Dare.app */,
				4553B5B1195B944F005C6D1A /* DareTests.xctest */,
			);
			name = Products;
			sourceTree = "<group>";
		};
		4553B593195B944E005C6D1A /* Frameworks */ = {
			isa = PBXGroup;
			children = (
				4553B5DF195B9EDC005C6D1A /* FacebookSDK.framework */,
				4553B5DD195B9853005C6D1A /* SystemConfiguration.framework */,
				4553B5DB195B9848005C6D1A /* StoreKit.framework */,
				4553B5D9195B9829005C6D1A /* Security.framework */,
				4553B5D7195B981D005C6D1A /* QuartzCore.framework */,
				4553B5D5195B9811005C6D1A /* MobileCoreServices.framework */,
				4553B5D3195B9802005C6D1A /* libz.dylib */,
				4553B5D1195B97F5005C6D1A /* CoreLocation.framework */,
				4553B5CF195B97E7005C6D1A /* CFNetwork.framework */,
				4553B5CD195B97DD005C6D1A /* AudioToolbox.framework */,
				4553B5CB195B96B5005C6D1A /* Parse.framework */,
				4553B594195B944E005C6D1A /* Foundation.framework */,
				4553B596195B944E005C6D1A /* CoreGraphics.framework */,
				4553B598195B944E005C6D1A /* UIKit.framework */,
				4553B59A195B944E005C6D1A /* CoreData.framework */,
				4553B5B2195B944F005C6D1A /* XCTest.framework */,
			);
			name = Frameworks;
			sourceTree = "<group>";
		};
		4553B59C195B944E005C6D1A /* Dare */ = {
			isa = PBXGroup;
			children = (
				4553B5A5195B944E005C6D1A /* AppDelegate.h */,
				4553B5A6195B944E005C6D1A /* AppDelegate.m */,
				4553B5E1195B9FB2005C6D1A /* Constants.h */,
				456E6250195F0336003CC220 /* Constants.m */,
				0719EAB7195F516E007C2983 /* Storyboard.storyboard */,
				0719EAB9195F5599007C2983 /* LoginViewController.h */,
				0719EABA195F5599007C2983 /* LoginViewController.m */,
				456E6252195F27F4003CC220 /* Model */,
				456E6256195F29FA003CC220 /* Temp */,
				4553B5AB195B944F005C6D1A /* Images.xcassets */,
				4553B59D195B944E005C6D1A /* Supporting Files */,
			);
			path = Dare;
			sourceTree = "<group>";
		};
		4553B59D195B944E005C6D1A /* Supporting Files */ = {
			isa = PBXGroup;
			children = (
				4553B59E195B944E005C6D1A /* Dare-Info.plist */,
				4553B59F195B944E005C6D1A /* InfoPlist.strings */,
				4553B5A2195B944E005C6D1A /* main.m */,
				4553B5A4195B944E005C6D1A /* Dare-Prefix.pch */,
			);
			name = "Supporting Files";
			sourceTree = "<group>";
		};
		4553B5B9195B944F005C6D1A /* DareTests */ = {
			isa = PBXGroup;
			children = (
				4553B5BF195B944F005C6D1A /* DareTests.m */,
				4553B5BA195B944F005C6D1A /* Supporting Files */,
			);
			path = DareTests;
			sourceTree = "<group>";
		};
		4553B5BA195B944F005C6D1A /* Supporting Files */ = {
			isa = PBXGroup;
			children = (
				4553B5BB195B944F005C6D1A /* DareTests-Info.plist */,
				4553B5BC195B944F005C6D1A /* InfoPlist.strings */,
			);
			name = "Supporting Files";
			sourceTree = "<group>";
		};
		456E6252195F27F4003CC220 /* Model */ = {
			isa = PBXGroup;
			children = (
				456E625D195F67C5003CC220 /* ParseClient.h */,
				456E625E195F67C5003CC220 /* ParseClient.m */,
				07977E71195F230100B2C0C6 /* User.h */,
				07977E72195F230100B2C0C6 /* User.m */,
				07977E74195F235700B2C0C6 /* MessageThread.h */,
				07977E75195F235700B2C0C6 /* MessageThread.m */,
				07977E77195F236100B2C0C6 /* Message.h */,
				07977E78195F236100B2C0C6 /* Message.m */,
			);
			name = Model;
			sourceTree = "<group>";
		};
		456E6256195F29FA003CC220 /* Temp */ = {
			isa = PBXGroup;
			children = (
				456E6257195F2DB4003CC220 /* Temp.h */,
				456E6258195F2DB4003CC220 /* Temp.m */,
			);
			name = Temp;
			sourceTree = "<group>";
		};
/* End PBXGroup section */

/* Begin PBXNativeTarget section */
		4553B590195B944E005C6D1A /* Dare */ = {
			isa = PBXNativeTarget;
			buildConfigurationList = 4553B5C3195B944F005C6D1A /* Build configuration list for PBXNativeTarget "Dare" */;
			buildPhases = (
				4553B58D195B944E005C6D1A /* Sources */,
				4553B58E195B944E005C6D1A /* Frameworks */,
				4553B58F195B944E005C6D1A /* Resources */,
			);
			buildRules = (
			);
			dependencies = (
			);
			name = Dare;
			productName = Dare;
			productReference = 4553B591195B944E005C6D1A /* Dare.app */;
			productType = "com.apple.product-type.application";
		};
		4553B5B0195B944F005C6D1A /* DareTests */ = {
			isa = PBXNativeTarget;
			buildConfigurationList = 4553B5C6195B944F005C6D1A /* Build configuration list for PBXNativeTarget "DareTests" */;
			buildPhases = (
				4553B5AD195B944F005C6D1A /* Sources */,
				4553B5AE195B944F005C6D1A /* Frameworks */,
				4553B5AF195B944F005C6D1A /* Resources */,
			);
			buildRules = (
			);
			dependencies = (
				4553B5B8195B944F005C6D1A /* PBXTargetDependency */,
			);
			name = DareTests;
			productName = DareTests;
			productReference = 4553B5B1195B944F005C6D1A /* DareTests.xctest */;
			productType = "com.apple.product-type.bundle.unit-test";
		};
/* End PBXNativeTarget section */

/* Begin PBXProject section */
		4553B589195B944E005C6D1A /* Project object */ = {
			isa = PBXProject;
			attributes = {
				LastUpgradeCheck = 0510;
				ORGANIZATIONNAME = Dare;
				TargetAttributes = {
					4553B5B0195B944F005C6D1A = {
						TestTargetID = 4553B590195B944E005C6D1A;
					};
				};
			};
			buildConfigurationList = 4553B58C195B944E005C6D1A /* Build configuration list for PBXProject "Dare" */;
			compatibilityVersion = "Xcode 3.2";
			developmentRegion = English;
			hasScannedForEncodings = 0;
			knownRegions = (
				en,
			);
			mainGroup = 4553B588195B944E005C6D1A;
			productRefGroup = 4553B592195B944E005C6D1A /* Products */;
			projectDirPath = "";
			projectRoot = "";
			targets = (
				4553B590195B944E005C6D1A /* Dare */,
				4553B5B0195B944F005C6D1A /* DareTests */,
			);
		};
/* End PBXProject section */

/* Begin PBXResourcesBuildPhase section */
		4553B58F195B944E005C6D1A /* Resources */ = {
			isa = PBXResourcesBuildPhase;
			buildActionMask = 2147483647;
			files = (
				4553B5A1195B944E005C6D1A /* InfoPlist.strings in Resources */,
				4553B5AC195B944F005C6D1A /* Images.xcassets in Resources */,
				0719EAB8195F516E007C2983 /* Storyboard.storyboard in Resources */,
			);
			runOnlyForDeploymentPostprocessing = 0;
		};
		4553B5AF195B944F005C6D1A /* Resources */ = {
			isa = PBXResourcesBuildPhase;
			buildActionMask = 2147483647;
			files = (
				4553B5BE195B944F005C6D1A /* InfoPlist.strings in Resources */,
			);
			runOnlyForDeploymentPostprocessing = 0;
		};
/* End PBXResourcesBuildPhase section */

/* Begin PBXSourcesBuildPhase section */
		4553B58D195B944E005C6D1A /* Sources */ = {
			isa = PBXSourcesBuildPhase;
			buildActionMask = 2147483647;
			files = (
				0719EABB195F5599007C2983 /* LoginViewController.m in Sources */,
				07977E73195F230100B2C0C6 /* User.m in Sources */,
				07977E76195F235700B2C0C6 /* MessageThread.m in Sources */,
				456E625F195F67C5003CC220 /* ParseClient.m in Sources */,
				4553B5A7195B944E005C6D1A /* AppDelegate.m in Sources */,
				07977E79195F236100B2C0C6 /* Message.m in Sources */,
				4553B5A3195B944E005C6D1A /* main.m in Sources */,
				456E6251195F0336003CC220 /* Constants.m in Sources */,
				456E6259195F2DB4003CC220 /* Temp.m in Sources */,
			);
			runOnlyForDeploymentPostprocessing = 0;
		};
		4553B5AD195B944F005C6D1A /* Sources */ = {
			isa = PBXSourcesBuildPhase;
			buildActionMask = 2147483647;
			files = (
				4553B5C0195B944F005C6D1A /* DareTests.m in Sources */,
			);
			runOnlyForDeploymentPostprocessing = 0;
		};
/* End PBXSourcesBuildPhase section */

/* Begin PBXTargetDependency section */
		4553B5B8195B944F005C6D1A /* PBXTargetDependency */ = {
			isa = PBXTargetDependency;
			target = 4553B590195B944E005C6D1A /* Dare */;
			targetProxy = 4553B5B7195B944F005C6D1A /* PBXContainerItemProxy */;
		};
/* End PBXTargetDependency section */

/* Begin PBXVariantGroup section */
		4553B59F195B944E005C6D1A /* InfoPlist.strings */ = {
			isa = PBXVariantGroup;
			children = (
				4553B5A0195B944E005C6D1A /* en */,
			);
			name = InfoPlist.strings;
			sourceTree = "<group>";
		};
		4553B5BC195B944F005C6D1A /* InfoPlist.strings */ = {
			isa = PBXVariantGroup;
			children = (
				4553B5BD195B944F005C6D1A /* en */,
			);
			name = InfoPlist.strings;
			sourceTree = "<group>";
		};
/* End PBXVariantGroup section */

/* Begin XCBuildConfiguration section */
		4553B5C1195B944F005C6D1A /* Debug */ = {
			isa = XCBuildConfiguration;
			buildSettings = {
				ALWAYS_SEARCH_USER_PATHS = NO;
				CLANG_CXX_LANGUAGE_STANDARD = "gnu++0x";
				CLANG_CXX_LIBRARY = "libc++";
				CLANG_ENABLE_MODULES = YES;
				CLANG_ENABLE_OBJC_ARC = YES;
				CLANG_WARN_BOOL_CONVERSION = YES;
				CLANG_WARN_CONSTANT_CONVERSION = YES;
				CLANG_WARN_DIRECT_OBJC_ISA_USAGE = YES_ERROR;
				CLANG_WARN_EMPTY_BODY = YES;
				CLANG_WARN_ENUM_CONVERSION = YES;
				CLANG_WARN_INT_CONVERSION = YES;
				CLANG_WARN_OBJC_ROOT_CLASS = YES_ERROR;
				CLANG_WARN__DUPLICATE_METHOD_MATCH = YES;
				"CODE_SIGN_IDENTITY[sdk=iphoneos*]" = "iPhone Developer";
				COPY_PHASE_STRIP = NO;
				GCC_C_LANGUAGE_STANDARD = gnu99;
				GCC_DYNAMIC_NO_PIC = NO;
				GCC_OPTIMIZATION_LEVEL = 0;
				GCC_PREPROCESSOR_DEFINITIONS = (
					"DEBUG=1",
					"$(inherited)",
				);
				GCC_SYMBOLS_PRIVATE_EXTERN = NO;
				GCC_WARN_64_TO_32_BIT_CONVERSION = YES;
				GCC_WARN_ABOUT_RETURN_TYPE = YES_ERROR;
				GCC_WARN_UNDECLARED_SELECTOR = YES;
				GCC_WARN_UNINITIALIZED_AUTOS = YES_AGGRESSIVE;
				GCC_WARN_UNUSED_FUNCTION = YES;
				GCC_WARN_UNUSED_VARIABLE = YES;
				IPHONEOS_DEPLOYMENT_TARGET = 7.1;
				ONLY_ACTIVE_ARCH = YES;
				SDKROOT = iphoneos;
			};
			name = Debug;
		};
		4553B5C2195B944F005C6D1A /* Release */ = {
			isa = XCBuildConfiguration;
			buildSettings = {
				ALWAYS_SEARCH_USER_PATHS = NO;
				CLANG_CXX_LANGUAGE_STANDARD = "gnu++0x";
				CLANG_CXX_LIBRARY = "libc++";
				CLANG_ENABLE_MODULES = YES;
				CLANG_ENABLE_OBJC_ARC = YES;
				CLANG_WARN_BOOL_CONVERSION = YES;
				CLANG_WARN_CONSTANT_CONVERSION = YES;
				CLANG_WARN_DIRECT_OBJC_ISA_USAGE = YES_ERROR;
				CLANG_WARN_EMPTY_BODY = YES;
				CLANG_WARN_ENUM_CONVERSION = YES;
				CLANG_WARN_INT_CONVERSION = YES;
				CLANG_WARN_OBJC_ROOT_CLASS = YES_ERROR;
				CLANG_WARN__DUPLICATE_METHOD_MATCH = YES;
				"CODE_SIGN_IDENTITY[sdk=iphoneos*]" = "iPhone Developer";
				COPY_PHASE_STRIP = YES;
				ENABLE_NS_ASSERTIONS = NO;
				GCC_C_LANGUAGE_STANDARD = gnu99;
				GCC_WARN_64_TO_32_BIT_CONVERSION = YES;
				GCC_WARN_ABOUT_RETURN_TYPE = YES_ERROR;
				GCC_WARN_UNDECLARED_SELECTOR = YES;
				GCC_WARN_UNINITIALIZED_AUTOS = YES_AGGRESSIVE;
				GCC_WARN_UNUSED_FUNCTION = YES;
				GCC_WARN_UNUSED_VARIABLE = YES;
				IPHONEOS_DEPLOYMENT_TARGET = 7.1;
				SDKROOT = iphoneos;
				VALIDATE_PRODUCT = YES;
			};
			name = Release;
		};
		4553B5C4195B944F005C6D1A /* Debug */ = {
			isa = XCBuildConfiguration;
			buildSettings = {
				ASSETCATALOG_COMPILER_APPICON_NAME = AppIcon;
				ASSETCATALOG_COMPILER_LAUNCHIMAGE_NAME = LaunchImage;
				FRAMEWORK_SEARCH_PATHS = (
					"$(inherited)",
					"$(PROJECT_DIR)",
				);
				GCC_PRECOMPILE_PREFIX_HEADER = YES;
				GCC_PREFIX_HEADER = "Dare/Dare-Prefix.pch";
				INFOPLIST_FILE = "Dare/Dare-Info.plist";
				PRODUCT_NAME = "$(TARGET_NAME)";
				WRAPPER_EXTENSION = app;
			};
			name = Debug;
		};
		4553B5C5195B944F005C6D1A /* Release */ = {
			isa = XCBuildConfiguration;
			buildSettings = {
				ASSETCATALOG_COMPILER_APPICON_NAME = AppIcon;
				ASSETCATALOG_COMPILER_LAUNCHIMAGE_NAME = LaunchImage;
				FRAMEWORK_SEARCH_PATHS = (
					"$(inherited)",
					"$(PROJECT_DIR)",
				);
				GCC_PRECOMPILE_PREFIX_HEADER = YES;
				GCC_PREFIX_HEADER = "Dare/Dare-Prefix.pch";
				INFOPLIST_FILE = "Dare/Dare-Info.plist";
				PRODUCT_NAME = "$(TARGET_NAME)";
				WRAPPER_EXTENSION = app;
			};
			name = Release;
		};
		4553B5C7195B944F005C6D1A /* Debug */ = {
			isa = XCBuildConfiguration;
			buildSettings = {
				BUNDLE_LOADER = "$(BUILT_PRODUCTS_DIR)/Dare.app/Dare";
				FRAMEWORK_SEARCH_PATHS = (
					"$(SDKROOT)/Developer/Library/Frameworks",
					"$(inherited)",
					"$(DEVELOPER_FRAMEWORKS_DIR)",
				);
				GCC_PRECOMPILE_PREFIX_HEADER = YES;
				GCC_PREFIX_HEADER = "Dare/Dare-Prefix.pch";
				GCC_PREPROCESSOR_DEFINITIONS = (
					"DEBUG=1",
					"$(inherited)",
				);
				INFOPLIST_FILE = "DareTests/DareTests-Info.plist";
				PRODUCT_NAME = "$(TARGET_NAME)";
				TEST_HOST = "$(BUNDLE_LOADER)";
				WRAPPER_EXTENSION = xctest;
			};
			name = Debug;
		};
		4553B5C8195B944F005C6D1A /* Release */ = {
			isa = XCBuildConfiguration;
			buildSettings = {
				BUNDLE_LOADER = "$(BUILT_PRODUCTS_DIR)/Dare.app/Dare";
				FRAMEWORK_SEARCH_PATHS = (
					"$(SDKROOT)/Developer/Library/Frameworks",
					"$(inherited)",
					"$(DEVELOPER_FRAMEWORKS_DIR)",
				);
				GCC_PRECOMPILE_PREFIX_HEADER = YES;
				GCC_PREFIX_HEADER = "Dare/Dare-Prefix.pch";
				INFOPLIST_FILE = "DareTests/DareTests-Info.plist";
				PRODUCT_NAME = "$(TARGET_NAME)";
				TEST_HOST = "$(BUNDLE_LOADER)";
				WRAPPER_EXTENSION = xctest;
			};
			name = Release;
		};
/* End XCBuildConfiguration section */

/* Begin XCConfigurationList section */
		4553B58C195B944E005C6D1A /* Build configuration list for PBXProject "Dare" */ = {
			isa = XCConfigurationList;
			buildConfigurations = (
				4553B5C1195B944F005C6D1A /* Debug */,
				4553B5C2195B944F005C6D1A /* Release */,
			);
			defaultConfigurationIsVisible = 0;
			defaultConfigurationName = Release;
		};
		4553B5C3195B944F005C6D1A /* Build configuration list for PBXNativeTarget "Dare" */ = {
			isa = XCConfigurationList;
			buildConfigurations = (
				4553B5C4195B944F005C6D1A /* Debug */,
				4553B5C5195B944F005C6D1A /* Release */,
			);
			defaultConfigurationIsVisible = 0;
			defaultConfigurationName = Release;
		};
		4553B5C6195B944F005C6D1A /* Build configuration list for PBXNativeTarget "DareTests" */ = {
			isa = XCConfigurationList;
			buildConfigurations = (
				4553B5C7195B944F005C6D1A /* Debug */,
				4553B5C8195B944F005C6D1A /* Release */,
			);
			defaultConfigurationIsVisible = 0;
			defaultConfigurationName = Release;
		};
/* End XCConfigurationList section */
	};
	rootObject = 4553B589195B944E005C6D1A /* Project object */;
}
